
Microsoft Visual Studio Solution File, Format Version 12.00
# Visual Studio Version 17
VisualStudioVersion = 17.9.34701.34
MinimumVisualStudioVersion = 10.0.40219.1
Project("{FAE04EC0-301F-11D3-BF4B-00C04F79EFBC}") = "SCADACore", "SCADACore\SCADACore.csproj", "{2933A2F7-731D-47AF-8C24-2015680FD79D}"
EndProject
Global
	GlobalSection(SolutionConfigurationPlatforms) = preSolution
		Debug|Any CPU = Debug|Any CPU
		Release|Any CPU = Release|Any CPU
	EndGlobalSection
	GlobalSection(ProjectConfigurationPlatforms) = postSolution
		{2933A2F7-731D-47AF-8C24-2015680FD79D}.Debug|Any CPU.ActiveCfg = Debug|Any CPU
		{2933A2F7-731D-47AF-8C24-2015680FD79D}.Debug|Any CPU.Build.0 = Debug|Any CPU
		{2933A2F7-731D-47AF-8C24-2015680FD79D}.Release|Any CPU.ActiveCfg = Release|Any CPU
		{2933A2F7-731D-47AF-8C24-2015680FD79D}.Release|Any CPU.Build.0 = Release|Any CPU
	EndGlobalSection
	GlobalSection(SolutionProperties) = preSolution
		HideSolutionNode = FALSE
	EndGlobalSection
	GlobalSection(ExtensibilityGlobals) = postSolution
		SolutionGuid = {4BDE2FC7-E799-47D9-8A44-287E08EC2631}
	EndGlobalSection
EndGlobal
